
Microsoft Visual Studio Solution File, Format Version 12.00
# Visual Studio Version 16
VisualStudioVersion = 16.0.31105.61
MinimumVisualStudioVersion = 10.0.40219.1
Project("{9092AA53-FB77-4645-B42D-1CCCA6BD08BD}") = "Kabos", "Kabos\Kabos.njsproj", "{FF0E6AE2-DD9D-4070-8C4A-DC80CCCFD848}"
EndProject
Global
	GlobalSection(SolutionConfigurationPlatforms) = preSolution
		Debug|Any CPU = Debug|Any CPU
		Release|Any CPU = Release|Any CPU
	EndGlobalSection
	GlobalSection(ProjectConfigurationPlatforms) = postSolution
		{FF0E6AE2-DD9D-4070-8C4A-DC80CCCFD848}.Debug|Any CPU.ActiveCfg = Debug|Any CPU
		{FF0E6AE2-DD9D-4070-8C4A-DC80CCCFD848}.Debug|Any CPU.Build.0 = Debug|Any CPU
		{FF0E6AE2-DD9D-4070-8C4A-DC80CCCFD848}.Release|Any CPU.ActiveCfg = Release|Any CPU
		{FF0E6AE2-DD9D-4070-8C4A-DC80CCCFD848}.Release|Any CPU.Build.0 = Release|Any CPU
	EndGlobalSection
	GlobalSection(SolutionProperties) = preSolution
		HideSolutionNode = FALSE
	EndGlobalSection
	GlobalSection(ExtensibilityGlobals) = postSolution
		SolutionGuid = {3CDB6BDB-D569-4AC4-A787-C160BECDDE10}
	EndGlobalSection
EndGlobal
